{
  "nodes": {
    "davids-dotfiles-common": {
      "inputs": {
        "flake-utils": [
          "flake-utils"
        ],
        "home-manager": [
          "home-manager"
        ],
        "nixpkgs": [
          "nixpkgs"
        ]
      },
      "locked": {
        "lastModified": 1757185738,
        "narHash": "sha256-bH7CWEvYcGxV02k1kk9AMAuXCPGMXUIyI/qNzKIaeYw=",
        "owner": "dszakallas",
        "repo": "dotfiles-common",
        "rev": "970c8dacdfdadd79544219e98ebc2418543434a9",
        "type": "github"
      },
      "original": {
        "owner": "dszakallas",
        "repo": "dotfiles-common",
        "type": "github"
      }
    },
    "davids-dotfiles-private": {
      "inputs": {
        "davids-dotfiles-common": [
          "davids-dotfiles-common"
        ],
        "flake-utils": [
          "flake-utils"
        ],
        "home-manager": [
          "home-manager"
        ],
        "nixpkgs": [
          "nixpkgs"
        ],
        "pyproject-build-systems": [
          "pyproject-build-systems"
        ],
        "pyproject-nix": [
          "pyproject-nix"
        ],
        "uv2nix": [
          "uv2nix"
        ]
      },
      "locked": {
        "lastModified": 1757185562,
        "narHash": "sha256-aXEm5vuBcKk5Vbzd0IdAwZl+cXyBd30H7QEdm4Y7HiA=",
        "owner": "dszakallas",
        "repo": "dotfiles-private",
        "rev": "37760d4516be2961bd6f532b641828ff04f94580",
        "type": "github"
      },
      "original": {
        "owner": "dszakallas",
        "repo": "dotfiles-private",
        "type": "github"
      }
    },
    "flake-utils": {
      "inputs": {
        "systems": "systems"
      },
      "locked": {
        "lastModified": 1731533236,
        "narHash": "sha256-l0KFg5HjrsfsO/JpG+r7fRrqm12kzFHyUHqHCVpMMbI=",
        "owner": "numtide",
        "repo": "flake-utils",
        "rev": "11707dc2f618dd54ca8739b309ec4fc024de578b",
        "type": "github"
      },
      "original": {
        "owner": "numtide",
        "repo": "flake-utils",
        "type": "github"
      }
    },
    "home-manager": {
      "inputs": {
        "nixpkgs": [
          "nixpkgs"
        ]
      },
      "locked": {
        "lastModified": 1756842514,
        "narHash": "sha256-XbtRMewPGJwTNhBC4pnBu3w/xT1XejvB0HfohC2Kga8=",
        "owner": "nix-community",
        "repo": "home-manager",
        "rev": "30fc1b532645a21e157b6e33e3f8b4c154f86382",
        "type": "github"
      },
      "original": {
        "owner": "nix-community",
        "repo": "home-manager",
        "type": "github"
      }
    },
    "nix-darwin": {
      "inputs": {
        "nixpkgs": [
          "nixpkgs"
        ]
      },
      "locked": {
        "lastModified": 1755825449,
        "narHash": "sha256-XkiN4NM9Xdy59h69Pc+Vg4PxkSm9EWl6u7k6D5FZ5cM=",
        "owner": "LnL7",
        "repo": "nix-darwin",
        "rev": "8df64f819698c1fee0c2969696f54a843b2231e8",
        "type": "github"
      },
      "original": {
        "owner": "LnL7",
        "repo": "nix-darwin",
        "type": "github"
      }
    },
    "nixpkgs": {
      "locked": {
        "lastModified": 1755082269,
        "narHash": "sha256-Ix7ALeaxv9tW4uBKWeJnaKpYZtZiX4H4Q/MhEmj4XYA=",
        "owner": "NixOS",
        "repo": "nixpkgs",
        "rev": "d74de548348c46cf25cb1fcc4b74f38103a4590d",
        "type": "github"
      },
      "original": {
        "owner": "NixOS",
        "ref": "nixpkgs-unstable",
        "repo": "nixpkgs",
        "type": "github"
      }
    },
    "pyproject-build-systems": {
      "inputs": {
        "nixpkgs": [
          "nixpkgs"
        ],
        "pyproject-nix": [
          "pyproject-nix"
        ],
        "uv2nix": [
          "uv2nix"
        ]
      },
      "locked": {
        "lastModified": 1744599653,
        "narHash": "sha256-nysSwVVjG4hKoOjhjvE6U5lIKA8sEr1d1QzEfZsannU=",
        "owner": "pyproject-nix",
        "repo": "build-system-pkgs",
        "rev": "7dba6dbc73120e15b558754c26024f6c93015dd7",
        "type": "github"
      },
      "original": {
        "owner": "pyproject-nix",
        "repo": "build-system-pkgs",
        "type": "github"
      }
    },
    "pyproject-nix": {
      "inputs": {
        "nixpkgs": [
          "nixpkgs"
        ]
      },
      "locked": {
        "lastModified": 1746146146,
        "narHash": "sha256-60+mzI2lbgn+G8F5mz+cmkDvHFn4s5oqcOna1SzYy74=",
        "owner": "pyproject-nix",
        "repo": "pyproject.nix",
        "rev": "3e9623bdd86a3c545e82b7f97cfdba5f07232d9a",
        "type": "github"
      },
      "original": {
        "owner": "pyproject-nix",
        "repo": "pyproject.nix",
        "type": "github"
      }
    },
    "root": {
      "inputs": {
        "davids-dotfiles-common": "davids-dotfiles-common",
        "davids-dotfiles-private": "davids-dotfiles-private",
        "flake-utils": "flake-utils",
        "home-manager": "home-manager",
        "nix-darwin": "nix-darwin",
        "nixpkgs": "nixpkgs",
        "pyproject-build-systems": "pyproject-build-systems",
        "pyproject-nix": "pyproject-nix",
        "uv2nix": "uv2nix"
      }
    },
    "systems": {
      "locked": {
        "lastModified": 1681028828,
        "narHash": "sha256-Vy1rq5AaRuLzOxct8nz4T6wlgyUR7zLU309k9mBC768=",
        "owner": "nix-systems",
        "repo": "default",
        "rev": "da67096a3b9bf56a91d16901293e51ba5b49a27e",
        "type": "github"
      },
      "original": {
        "owner": "nix-systems",
        "repo": "default",
        "type": "github"
      }
    },
    "uv2nix": {
      "inputs": {
        "nixpkgs": [
          "nixpkgs"
        ],
        "pyproject-nix": [
          "pyproject-nix"
        ]
      },
      "locked": {
        "lastModified": 1746048139,
        "narHash": "sha256-LdCLyiihLg6P2/mjzP0+W7RtraDSIaJJPTy6SCtW5Ag=",
        "owner": "pyproject-nix",
        "repo": "uv2nix",
        "rev": "680e2f8e637bc79b84268949d2f2b2f5e5f1d81c",
        "type": "github"
      },
      "original": {
        "owner": "pyproject-nix",
        "repo": "uv2nix",
        "type": "github"
      }
    }
  },
  "root": "root",
  "version": 7
}
